
Microsoft Visual Studio Solution File, Format Version 12.00
# Visual Studio 14
VisualStudioVersion = 14.0.25420.1
MinimumVisualStudioVersion = 10.0.40219.1
Project("{FAE04EC0-301F-11D3-BF4B-00C04F79EFBC}") = "MangaReader", "MangaReader\MangaReader.csproj", "{49B3CB76-DC2D-4707-96CA-3D0DDCCD006B}"
	ProjectSection(ProjectDependencies) = postProject
		{744F331A-938A-475A-840A-7FAC985EBE61} = {744F331A-938A-475A-840A-7FAC985EBE61}
		{3AABF85F-414F-4429-A1AB-812213771755} = {3AABF85F-414F-4429-A1AB-812213771755}
		{D4BD1A69-EBDB-451E-B0FC-4E79644232B8} = {D4BD1A69-EBDB-451E-B0FC-4E79644232B8}
		{8BD693BA-7F23-4D27-9E16-84C1A154BD03} = {8BD693BA-7F23-4D27-9E16-84C1A154BD03}
	EndProjectSection
EndProject
Project("{2150E333-8FDC-42A3-9474-1A3956D46DE8}") = "Solution Items", "Solution Items", "{4BD81BC1-0BE7-46F8-91E4-773D2AFA2A9B}"
	ProjectSection(SolutionItems) = preProject
		.gitattributes = .gitattributes
		.gitignore = .gitignore
		CHANGELOG.md = CHANGELOG.md
		README.md = README.md
		VersionInfo.cs = VersionInfo.cs
	EndProjectSection
EndProject
Project("{FAE04EC0-301F-11D3-BF4B-00C04F79EFBC}") = "MangaReader.Core", "MangaReader.Core\MangaReader.Core.csproj", "{744F331A-938A-475A-840A-7FAC985EBE61}"
EndProject
Project("{FAE04EC0-301F-11D3-BF4B-00C04F79EFBC}") = "MangaReader.CLI", "MangaReader.CLI\MangaReader.CLI.csproj", "{760454EB-5433-4902-90D3-78AEFAC20C37}"
	ProjectSection(ProjectDependencies) = postProject
		{3AABF85F-414F-4429-A1AB-812213771755} = {3AABF85F-414F-4429-A1AB-812213771755}
		{D4BD1A69-EBDB-451E-B0FC-4E79644232B8} = {D4BD1A69-EBDB-451E-B0FC-4E79644232B8}
		{8BD693BA-7F23-4D27-9E16-84C1A154BD03} = {8BD693BA-7F23-4D27-9E16-84C1A154BD03}
	EndProjectSection
EndProject
Project("{2150E333-8FDC-42A3-9474-1A3956D46DE8}") = "Tests", "Tests", "{B036F0D7-124C-4FC8-B596-21456DFEFB0D}"
EndProject
Project("{FAE04EC0-301F-11D3-BF4B-00C04F79EFBC}") = "Tests.Entities", "Tests\Tests.Entities\Tests.Entities.csproj", "{3B6A42FF-E0CB-4795-9C8E-054BFF696FD3}"
EndProject
Project("{FAE04EC0-301F-11D3-BF4B-00C04F79EFBC}") = "Tests.Convertation", "Tests\Tests.Convertation\Tests.Convertation.csproj", "{34351109-778E-4999-B0BA-DA8B9CB6E28F}"
EndProject
Project("{FAE04EC0-301F-11D3-BF4B-00C04F79EFBC}") = "Tests.API", "Tests\Tests.API\Tests.API.csproj", "{6F6A15E8-5E83-47EC-9A65-CC24E07859C3}"
	ProjectSection(ProjectDependencies) = postProject
		{744F331A-938A-475A-840A-7FAC985EBE61} = {744F331A-938A-475A-840A-7FAC985EBE61}
	EndProjectSection
EndProject
Project("{2150E333-8FDC-42A3-9474-1A3956D46DE8}") = "Sites", "Sites", "{E12FEFB3-A8AD-45A1-B82D-3078D2CE9979}"
EndProject
Project("{FAE04EC0-301F-11D3-BF4B-00C04F79EFBC}") = "Hentaichan.me", "Sites\Hentaichan.me\Hentaichan.me.csproj", "{8BD693BA-7F23-4D27-9E16-84C1A154BD03}"
EndProject
Project("{FAE04EC0-301F-11D3-BF4B-00C04F79EFBC}") = "Grouple.ru", "Sites\Grouple.ru\Grouple.ru.csproj", "{D4BD1A69-EBDB-451E-B0FC-4E79644232B8}"
EndProject
Project("{FAE04EC0-301F-11D3-BF4B-00C04F79EFBC}") = "Acomics.ru", "Sites\Acomics.ru\Acomics.ru.csproj", "{3AABF85F-414F-4429-A1AB-812213771755}"
EndProject
Global
	GlobalSection(SolutionConfigurationPlatforms) = preSolution
		Debug|Any CPU = Debug|Any CPU
		Debug|Mixed Platforms = Debug|Mixed Platforms
		Debug|x86 = Debug|x86
		Release|Any CPU = Release|Any CPU
		Release|Mixed Platforms = Release|Mixed Platforms
		Release|x86 = Release|x86
	EndGlobalSection
	GlobalSection(ProjectConfigurationPlatforms) = postSolution
		{49B3CB76-DC2D-4707-96CA-3D0DDCCD006B}.Debug|Any CPU.ActiveCfg = Debug|Any CPU
		{49B3CB76-DC2D-4707-96CA-3D0DDCCD006B}.Debug|Any CPU.Build.0 = Debug|Any CPU
		{49B3CB76-DC2D-4707-96CA-3D0DDCCD006B}.Debug|Mixed Platforms.ActiveCfg = Debug|Any CPU
		{49B3CB76-DC2D-4707-96CA-3D0DDCCD006B}.Debug|Mixed Platforms.Build.0 = Debug|Any CPU
		{49B3CB76-DC2D-4707-96CA-3D0DDCCD006B}.Debug|x86.ActiveCfg = Debug|Any CPU
		{49B3CB76-DC2D-4707-96CA-3D0DDCCD006B}.Debug|x86.Build.0 = Debug|Any CPU
		{49B3CB76-DC2D-4707-96CA-3D0DDCCD006B}.Release|Any CPU.ActiveCfg = Release|Any CPU
		{49B3CB76-DC2D-4707-96CA-3D0DDCCD006B}.Release|Any CPU.Build.0 = Release|Any CPU
		{49B3CB76-DC2D-4707-96CA-3D0DDCCD006B}.Release|Mixed Platforms.ActiveCfg = Release|Any CPU
		{49B3CB76-DC2D-4707-96CA-3D0DDCCD006B}.Release|Mixed Platforms.Build.0 = Release|Any CPU
		{49B3CB76-DC2D-4707-96CA-3D0DDCCD006B}.Release|x86.ActiveCfg = Release|Any CPU
		{49B3CB76-DC2D-4707-96CA-3D0DDCCD006B}.Release|x86.Build.0 = Release|Any CPU
		{744F331A-938A-475A-840A-7FAC985EBE61}.Debug|Any CPU.ActiveCfg = Debug|Any CPU
		{744F331A-938A-475A-840A-7FAC985EBE61}.Debug|Any CPU.Build.0 = Debug|Any CPU
		{744F331A-938A-475A-840A-7FAC985EBE61}.Debug|Mixed Platforms.ActiveCfg = Debug|Any CPU
		{744F331A-938A-475A-840A-7FAC985EBE61}.Debug|Mixed Platforms.Build.0 = Debug|Any CPU
		{744F331A-938A-475A-840A-7FAC985EBE61}.Debug|x86.ActiveCfg = Debug|Any CPU
		{744F331A-938A-475A-840A-7FAC985EBE61}.Debug|x86.Build.0 = Debug|Any CPU
		{744F331A-938A-475A-840A-7FAC985EBE61}.Release|Any CPU.ActiveCfg = Release|Any CPU
		{744F331A-938A-475A-840A-7FAC985EBE61}.Release|Any CPU.Build.0 = Release|Any CPU
		{744F331A-938A-475A-840A-7FAC985EBE61}.Release|Mixed Platforms.ActiveCfg = Release|Any CPU
		{744F331A-938A-475A-840A-7FAC985EBE61}.Release|Mixed Platforms.Build.0 = Release|Any CPU
		{744F331A-938A-475A-840A-7FAC985EBE61}.Release|x86.ActiveCfg = Release|Any CPU
		{744F331A-938A-475A-840A-7FAC985EBE61}.Release|x86.Build.0 = Release|Any CPU
		{760454EB-5433-4902-90D3-78AEFAC20C37}.Debug|Any CPU.ActiveCfg = Debug|Any CPU
		{760454EB-5433-4902-90D3-78AEFAC20C37}.Debug|Any CPU.Build.0 = Debug|Any CPU
		{760454EB-5433-4902-90D3-78AEFAC20C37}.Debug|Mixed Platforms.ActiveCfg = Debug|Any CPU
		{760454EB-5433-4902-90D3-78AEFAC20C37}.Debug|Mixed Platforms.Build.0 = Debug|Any CPU
		{760454EB-5433-4902-90D3-78AEFAC20C37}.Debug|x86.ActiveCfg = Debug|Any CPU
		{760454EB-5433-4902-90D3-78AEFAC20C37}.Debug|x86.Build.0 = Debug|Any CPU
		{760454EB-5433-4902-90D3-78AEFAC20C37}.Release|Any CPU.ActiveCfg = Release|Any CPU
		{760454EB-5433-4902-90D3-78AEFAC20C37}.Release|Any CPU.Build.0 = Release|Any CPU
		{760454EB-5433-4902-90D3-78AEFAC20C37}.Release|Mixed Platforms.ActiveCfg = Release|Any CPU
		{760454EB-5433-4902-90D3-78AEFAC20C37}.Release|Mixed Platforms.Build.0 = Release|Any CPU
		{760454EB-5433-4902-90D3-78AEFAC20C37}.Release|x86.ActiveCfg = Release|Any CPU
		{760454EB-5433-4902-90D3-78AEFAC20C37}.Release|x86.Build.0 = Release|Any CPU
		{3B6A42FF-E0CB-4795-9C8E-054BFF696FD3}.Debug|Any CPU.ActiveCfg = Debug|Any CPU
		{3B6A42FF-E0CB-4795-9C8E-054BFF696FD3}.Debug|Any CPU.Build.0 = Debug|Any CPU
		{3B6A42FF-E0CB-4795-9C8E-054BFF696FD3}.Debug|Mixed Platforms.ActiveCfg = Debug|Any CPU
		{3B6A42FF-E0CB-4795-9C8E-054BFF696FD3}.Debug|Mixed Platforms.Build.0 = Debug|Any CPU
		{3B6A42FF-E0CB-4795-9C8E-054BFF696FD3}.Debug|x86.ActiveCfg = Debug|Any CPU
		{3B6A42FF-E0CB-4795-9C8E-054BFF696FD3}.Debug|x86.Build.0 = Debug|Any CPU
		{3B6A42FF-E0CB-4795-9C8E-054BFF696FD3}.Release|Any CPU.ActiveCfg = Release|Any CPU
		{3B6A42FF-E0CB-4795-9C8E-054BFF696FD3}.Release|Any CPU.Build.0 = Release|Any CPU
		{3B6A42FF-E0CB-4795-9C8E-054BFF696FD3}.Release|Mixed Platforms.ActiveCfg = Release|Any CPU
		{3B6A42FF-E0CB-4795-9C8E-054BFF696FD3}.Release|Mixed Platforms.Build.0 = Release|Any CPU
		{3B6A42FF-E0CB-4795-9C8E-054BFF696FD3}.Release|x86.ActiveCfg = Release|Any CPU
		{3B6A42FF-E0CB-4795-9C8E-054BFF696FD3}.Release|x86.Build.0 = Release|Any CPU
		{34351109-778E-4999-B0BA-DA8B9CB6E28F}.Debug|Any CPU.ActiveCfg = Debug|Any CPU
		{34351109-778E-4999-B0BA-DA8B9CB6E28F}.Debug|Any CPU.Build.0 = Debug|Any CPU
		{34351109-778E-4999-B0BA-DA8B9CB6E28F}.Debug|Mixed Platforms.ActiveCfg = Debug|Any CPU
		{34351109-778E-4999-B0BA-DA8B9CB6E28F}.Debug|Mixed Platforms.Build.0 = Debug|Any CPU
		{34351109-778E-4999-B0BA-DA8B9CB6E28F}.Debug|x86.ActiveCfg = Debug|Any CPU
		{34351109-778E-4999-B0BA-DA8B9CB6E28F}.Debug|x86.Build.0 = Debug|Any CPU
		{34351109-778E-4999-B0BA-DA8B9CB6E28F}.Release|Any CPU.ActiveCfg = Release|Any CPU
		{34351109-778E-4999-B0BA-DA8B9CB6E28F}.Release|Any CPU.Build.0 = Release|Any CPU
		{34351109-778E-4999-B0BA-DA8B9CB6E28F}.Release|Mixed Platforms.ActiveCfg = Release|Any CPU
		{34351109-778E-4999-B0BA-DA8B9CB6E28F}.Release|Mixed Platforms.Build.0 = Release|Any CPU
		{34351109-778E-4999-B0BA-DA8B9CB6E28F}.Release|x86.ActiveCfg = Release|Any CPU
		{34351109-778E-4999-B0BA-DA8B9CB6E28F}.Release|x86.Build.0 = Release|Any CPU
		{6F6A15E8-5E83-47EC-9A65-CC24E07859C3}.Debug|Any CPU.ActiveCfg = Debug|Any CPU
		{6F6A15E8-5E83-47EC-9A65-CC24E07859C3}.Debug|Any CPU.Build.0 = Debug|Any CPU
		{6F6A15E8-5E83-47EC-9A65-CC24E07859C3}.Debug|Mixed Platforms.ActiveCfg = Debug|Any CPU
		{6F6A15E8-5E83-47EC-9A65-CC24E07859C3}.Debug|Mixed Platforms.Build.0 = Debug|Any CPU
		{6F6A15E8-5E83-47EC-9A65-CC24E07859C3}.Debug|x86.ActiveCfg = Debug|Any CPU
		{6F6A15E8-5E83-47EC-9A65-CC24E07859C3}.Debug|x86.Build.0 = Debug|Any CPU
		{6F6A15E8-5E83-47EC-9A65-CC24E07859C3}.Release|Any CPU.ActiveCfg = Release|Any CPU
		{6F6A15E8-5E83-47EC-9A65-CC24E07859C3}.Release|Any CPU.Build.0 = Release|Any CPU
		{6F6A15E8-5E83-47EC-9A65-CC24E07859C3}.Release|Mixed Platforms.ActiveCfg = Release|Any CPU
		{6F6A15E8-5E83-47EC-9A65-CC24E07859C3}.Release|Mixed Platforms.Build.0 = Release|Any CPU
		{6F6A15E8-5E83-47EC-9A65-CC24E07859C3}.Release|x86.ActiveCfg = Release|Any CPU
		{6F6A15E8-5E83-47EC-9A65-CC24E07859C3}.Release|x86.Build.0 = Release|Any CPU
		{8BD693BA-7F23-4D27-9E16-84C1A154BD03}.Debug|Any CPU.ActiveCfg = Debug|Any CPU
		{8BD693BA-7F23-4D27-9E16-84C1A154BD03}.Debug|Any CPU.Build.0 = Debug|Any CPU
		{8BD693BA-7F23-4D27-9E16-84C1A154BD03}.Debug|Mixed Platforms.ActiveCfg = Debug|Any CPU
		{8BD693BA-7F23-4D27-9E16-84C1A154BD03}.Debug|Mixed Platforms.Build.0 = Debug|Any CPU
		{8BD693BA-7F23-4D27-9E16-84C1A154BD03}.Debug|x86.ActiveCfg = Debug|Any CPU
		{8BD693BA-7F23-4D27-9E16-84C1A154BD03}.Debug|x86.Build.0 = Debug|Any CPU
		{8BD693BA-7F23-4D27-9E16-84C1A154BD03}.Release|Any CPU.ActiveCfg = Release|Any CPU
		{8BD693BA-7F23-4D27-9E16-84C1A154BD03}.Release|Any CPU.Build.0 = Release|Any CPU
		{8BD693BA-7F23-4D27-9E16-84C1A154BD03}.Release|Mixed Platforms.ActiveCfg = Release|Any CPU
		{8BD693BA-7F23-4D27-9E16-84C1A154BD03}.Release|Mixed Platforms.Build.0 = Release|Any CPU
		{8BD693BA-7F23-4D27-9E16-84C1A154BD03}.Release|x86.ActiveCfg = Release|Any CPU
		{8BD693BA-7F23-4D27-9E16-84C1A154BD03}.Release|x86.Build.0 = Release|Any CPU
		{D4BD1A69-EBDB-451E-B0FC-4E79644232B8}.Debug|Any CPU.ActiveCfg = Debug|Any CPU
		{D4BD1A69-EBDB-451E-B0FC-4E79644232B8}.Debug|Any CPU.Build.0 = Debug|Any CPU
		{D4BD1A69-EBDB-451E-B0FC-4E79644232B8}.Debug|Mixed Platforms.ActiveCfg = Debug|Any CPU
		{D4BD1A69-EBDB-451E-B0FC-4E79644232B8}.Debug|Mixed Platforms.Build.0 = Debug|Any CPU
		{D4BD1A69-EBDB-451E-B0FC-4E79644232B8}.Debug|x86.ActiveCfg = Debug|Any CPU
		{D4BD1A69-EBDB-451E-B0FC-4E79644232B8}.Debug|x86.Build.0 = Debug|Any CPU
		{D4BD1A69-EBDB-451E-B0FC-4E79644232B8}.Release|Any CPU.ActiveCfg = Release|Any CPU
		{D4BD1A69-EBDB-451E-B0FC-4E79644232B8}.Release|Any CPU.Build.0 = Release|Any CPU
		{D4BD1A69-EBDB-451E-B0FC-4E79644232B8}.Release|Mixed Platforms.ActiveCfg = Release|Any CPU
		{D4BD1A69-EBDB-451E-B0FC-4E79644232B8}.Release|Mixed Platforms.Build.0 = Release|Any CPU
		{D4BD1A69-EBDB-451E-B0FC-4E79644232B8}.Release|x86.ActiveCfg = Release|Any CPU
		{D4BD1A69-EBDB-451E-B0FC-4E79644232B8}.Release|x86.Build.0 = Release|Any CPU
		{3AABF85F-414F-4429-A1AB-812213771755}.Debug|Any CPU.ActiveCfg = Debug|Any CPU
		{3AABF85F-414F-4429-A1AB-812213771755}.Debug|Any CPU.Build.0 = Debug|Any CPU
		{3AABF85F-414F-4429-A1AB-812213771755}.Debug|Mixed Platforms.ActiveCfg = Debug|Any CPU
		{3AABF85F-414F-4429-A1AB-812213771755}.Debug|Mixed Platforms.Build.0 = Debug|Any CPU
		{3AABF85F-414F-4429-A1AB-812213771755}.Debug|x86.ActiveCfg = Debug|Any CPU
		{3AABF85F-414F-4429-A1AB-812213771755}.Debug|x86.Build.0 = Debug|Any CPU
		{3AABF85F-414F-4429-A1AB-812213771755}.Release|Any CPU.ActiveCfg = Release|Any CPU
		{3AABF85F-414F-4429-A1AB-812213771755}.Release|Any CPU.Build.0 = Release|Any CPU
		{3AABF85F-414F-4429-A1AB-812213771755}.Release|Mixed Platforms.ActiveCfg = Release|Any CPU
		{3AABF85F-414F-4429-A1AB-812213771755}.Release|Mixed Platforms.Build.0 = Release|Any CPU
		{3AABF85F-414F-4429-A1AB-812213771755}.Release|x86.ActiveCfg = Release|Any CPU
		{3AABF85F-414F-4429-A1AB-812213771755}.Release|x86.Build.0 = Release|Any CPU
	EndGlobalSection
	GlobalSection(SolutionProperties) = preSolution
		HideSolutionNode = FALSE
	EndGlobalSection
	GlobalSection(NestedProjects) = preSolution
		{3B6A42FF-E0CB-4795-9C8E-054BFF696FD3} = {B036F0D7-124C-4FC8-B596-21456DFEFB0D}
		{34351109-778E-4999-B0BA-DA8B9CB6E28F} = {B036F0D7-124C-4FC8-B596-21456DFEFB0D}
		{6F6A15E8-5E83-47EC-9A65-CC24E07859C3} = {B036F0D7-124C-4FC8-B596-21456DFEFB0D}
		{8BD693BA-7F23-4D27-9E16-84C1A154BD03} = {E12FEFB3-A8AD-45A1-B82D-3078D2CE9979}
		{D4BD1A69-EBDB-451E-B0FC-4E79644232B8} = {E12FEFB3-A8AD-45A1-B82D-3078D2CE9979}
		{3AABF85F-414F-4429-A1AB-812213771755} = {E12FEFB3-A8AD-45A1-B82D-3078D2CE9979}
	EndGlobalSection
EndGlobal
