
Microsoft Visual Studio Solution File, Format Version 12.00
# Visual Studio 15
VisualStudioVersion = 15.0.26730.16
MinimumVisualStudioVersion = 10.0.40219.1
Project("{FAE04EC0-301F-11D3-BF4B-00C04F79EFBC}") = "MangaReader", "MangaReader\MangaReader.csproj", "{49B3CB76-DC2D-4707-96CA-3D0DDCCD006B}"
	ProjectSection(ProjectDependencies) = postProject
		{B6B81632-31F6-4018-B365-C3DC8AD2A40F} = {B6B81632-31F6-4018-B365-C3DC8AD2A40F}
		{52A2B390-F993-4F56-9AC3-4304692A8137} = {52A2B390-F993-4F56-9AC3-4304692A8137}
		{6A7329F1-EAAA-42B0-97BC-C4F2BC6A5723} = {6A7329F1-EAAA-42B0-97BC-C4F2BC6A5723}
	EndProjectSection
EndProject
Project("{2150E333-8FDC-42A3-9474-1A3956D46DE8}") = "Solution Items", "Solution Items", "{4BD81BC1-0BE7-46F8-91E4-773D2AFA2A9B}"
	ProjectSection(SolutionItems) = preProject
		.gitattributes = .gitattributes
		.gitignore = .gitignore
		appveyor.yml = appveyor.yml
		CHANGELOG.md = CHANGELOG.md
		README.md = README.md
		VersionInfo.cs = VersionInfo.cs
	EndProjectSection
EndProject
Project("{2150E333-8FDC-42A3-9474-1A3956D46DE8}") = "Tests", "Tests", "{B036F0D7-124C-4FC8-B596-21456DFEFB0D}"
EndProject
Project("{FAE04EC0-301F-11D3-BF4B-00C04F79EFBC}") = "Tests.Entities", "Tests\Tests.Entities\Tests.Entities.csproj", "{3B6A42FF-E0CB-4795-9C8E-054BFF696FD3}"
EndProject
Project("{FAE04EC0-301F-11D3-BF4B-00C04F79EFBC}") = "Tests.API", "Tests\Tests.API\Tests.API.csproj", "{6F6A15E8-5E83-47EC-9A65-CC24E07859C3}"
EndProject
Project("{2150E333-8FDC-42A3-9474-1A3956D46DE8}") = "Sites", "Sites", "{E12FEFB3-A8AD-45A1-B82D-3078D2CE9979}"
EndProject
Project("{9A19103F-16F7-4668-BE54-9A1E7A4F7556}") = "MangaReader.Core", "MangaReader.Core\MangaReader.Core.csproj", "{19D569BA-E9C5-4D82-8BAA-897D7D2EA007}"
EndProject
Project("{9A19103F-16F7-4668-BE54-9A1E7A4F7556}") = "MangaReader.Avalonia", "MangaReader.Avalonia\MangaReader.Avalonia.csproj", "{B49B7A4F-763E-434C-8DDB-CF576C869758}"
	ProjectSection(ProjectDependencies) = postProject
		{B6B81632-31F6-4018-B365-C3DC8AD2A40F} = {B6B81632-31F6-4018-B365-C3DC8AD2A40F}
		{52A2B390-F993-4F56-9AC3-4304692A8137} = {52A2B390-F993-4F56-9AC3-4304692A8137}
		{6A7329F1-EAAA-42B0-97BC-C4F2BC6A5723} = {6A7329F1-EAAA-42B0-97BC-C4F2BC6A5723}
	EndProjectSection
EndProject
Project("{9A19103F-16F7-4668-BE54-9A1E7A4F7556}") = "Acomics.ru", "Sites\Acomics.ru\Acomics.ru.csproj", "{6A7329F1-EAAA-42B0-97BC-C4F2BC6A5723}"
EndProject
Project("{9A19103F-16F7-4668-BE54-9A1E7A4F7556}") = "Grouple.ru", "Sites\Grouple.ru\Grouple.ru.csproj", "{B6B81632-31F6-4018-B365-C3DC8AD2A40F}"
EndProject
Project("{9A19103F-16F7-4668-BE54-9A1E7A4F7556}") = "Hentaichan.me", "Sites\Hentaichan.me\Hentaichan.me.csproj", "{52A2B390-F993-4F56-9AC3-4304692A8137}"
EndProject
Global
	GlobalSection(SolutionConfigurationPlatforms) = preSolution
		Debug|Any CPU = Debug|Any CPU
		Debug|Mixed Platforms = Debug|Mixed Platforms
		Debug|x86 = Debug|x86
		Release|Any CPU = Release|Any CPU
		Release|Mixed Platforms = Release|Mixed Platforms
		Release|x86 = Release|x86
	EndGlobalSection
	GlobalSection(ProjectConfigurationPlatforms) = postSolution
		{49B3CB76-DC2D-4707-96CA-3D0DDCCD006B}.Debug|Any CPU.ActiveCfg = Debug|Any CPU
		{49B3CB76-DC2D-4707-96CA-3D0DDCCD006B}.Debug|Any CPU.Build.0 = Debug|Any CPU
		{49B3CB76-DC2D-4707-96CA-3D0DDCCD006B}.Debug|Mixed Platforms.ActiveCfg = Debug|Any CPU
		{49B3CB76-DC2D-4707-96CA-3D0DDCCD006B}.Debug|Mixed Platforms.Build.0 = Debug|Any CPU
		{49B3CB76-DC2D-4707-96CA-3D0DDCCD006B}.Debug|x86.ActiveCfg = Debug|Any CPU
		{49B3CB76-DC2D-4707-96CA-3D0DDCCD006B}.Debug|x86.Build.0 = Debug|Any CPU
		{49B3CB76-DC2D-4707-96CA-3D0DDCCD006B}.Release|Any CPU.ActiveCfg = Release|Any CPU
		{49B3CB76-DC2D-4707-96CA-3D0DDCCD006B}.Release|Any CPU.Build.0 = Release|Any CPU
		{49B3CB76-DC2D-4707-96CA-3D0DDCCD006B}.Release|Mixed Platforms.ActiveCfg = Release|Any CPU
		{49B3CB76-DC2D-4707-96CA-3D0DDCCD006B}.Release|Mixed Platforms.Build.0 = Release|Any CPU
		{49B3CB76-DC2D-4707-96CA-3D0DDCCD006B}.Release|x86.ActiveCfg = Release|Any CPU
		{49B3CB76-DC2D-4707-96CA-3D0DDCCD006B}.Release|x86.Build.0 = Release|Any CPU
		{3B6A42FF-E0CB-4795-9C8E-054BFF696FD3}.Debug|Any CPU.ActiveCfg = Debug|Any CPU
		{3B6A42FF-E0CB-4795-9C8E-054BFF696FD3}.Debug|Any CPU.Build.0 = Debug|Any CPU
		{3B6A42FF-E0CB-4795-9C8E-054BFF696FD3}.Debug|Mixed Platforms.ActiveCfg = Debug|Any CPU
		{3B6A42FF-E0CB-4795-9C8E-054BFF696FD3}.Debug|Mixed Platforms.Build.0 = Debug|Any CPU
		{3B6A42FF-E0CB-4795-9C8E-054BFF696FD3}.Debug|x86.ActiveCfg = Debug|Any CPU
		{3B6A42FF-E0CB-4795-9C8E-054BFF696FD3}.Debug|x86.Build.0 = Debug|Any CPU
		{3B6A42FF-E0CB-4795-9C8E-054BFF696FD3}.Release|Any CPU.ActiveCfg = Release|Any CPU
		{3B6A42FF-E0CB-4795-9C8E-054BFF696FD3}.Release|Any CPU.Build.0 = Release|Any CPU
		{3B6A42FF-E0CB-4795-9C8E-054BFF696FD3}.Release|Mixed Platforms.ActiveCfg = Release|Any CPU
		{3B6A42FF-E0CB-4795-9C8E-054BFF696FD3}.Release|Mixed Platforms.Build.0 = Release|Any CPU
		{3B6A42FF-E0CB-4795-9C8E-054BFF696FD3}.Release|x86.ActiveCfg = Release|Any CPU
		{3B6A42FF-E0CB-4795-9C8E-054BFF696FD3}.Release|x86.Build.0 = Release|Any CPU
		{6F6A15E8-5E83-47EC-9A65-CC24E07859C3}.Debug|Any CPU.ActiveCfg = Debug|Any CPU
		{6F6A15E8-5E83-47EC-9A65-CC24E07859C3}.Debug|Any CPU.Build.0 = Debug|Any CPU
		{6F6A15E8-5E83-47EC-9A65-CC24E07859C3}.Debug|Mixed Platforms.ActiveCfg = Debug|Any CPU
		{6F6A15E8-5E83-47EC-9A65-CC24E07859C3}.Debug|Mixed Platforms.Build.0 = Debug|Any CPU
		{6F6A15E8-5E83-47EC-9A65-CC24E07859C3}.Debug|x86.ActiveCfg = Debug|Any CPU
		{6F6A15E8-5E83-47EC-9A65-CC24E07859C3}.Debug|x86.Build.0 = Debug|Any CPU
		{6F6A15E8-5E83-47EC-9A65-CC24E07859C3}.Release|Any CPU.ActiveCfg = Release|Any CPU
		{6F6A15E8-5E83-47EC-9A65-CC24E07859C3}.Release|Any CPU.Build.0 = Release|Any CPU
		{6F6A15E8-5E83-47EC-9A65-CC24E07859C3}.Release|Mixed Platforms.ActiveCfg = Release|Any CPU
		{6F6A15E8-5E83-47EC-9A65-CC24E07859C3}.Release|Mixed Platforms.Build.0 = Release|Any CPU
		{6F6A15E8-5E83-47EC-9A65-CC24E07859C3}.Release|x86.ActiveCfg = Release|Any CPU
		{6F6A15E8-5E83-47EC-9A65-CC24E07859C3}.Release|x86.Build.0 = Release|Any CPU
		{19D569BA-E9C5-4D82-8BAA-897D7D2EA007}.Debug|Any CPU.ActiveCfg = Debug|Any CPU
		{19D569BA-E9C5-4D82-8BAA-897D7D2EA007}.Debug|Any CPU.Build.0 = Debug|Any CPU
		{19D569BA-E9C5-4D82-8BAA-897D7D2EA007}.Debug|Mixed Platforms.ActiveCfg = Debug|Any CPU
		{19D569BA-E9C5-4D82-8BAA-897D7D2EA007}.Debug|Mixed Platforms.Build.0 = Debug|Any CPU
		{19D569BA-E9C5-4D82-8BAA-897D7D2EA007}.Debug|x86.ActiveCfg = Debug|Any CPU
		{19D569BA-E9C5-4D82-8BAA-897D7D2EA007}.Debug|x86.Build.0 = Debug|Any CPU
		{19D569BA-E9C5-4D82-8BAA-897D7D2EA007}.Release|Any CPU.ActiveCfg = Release|Any CPU
		{19D569BA-E9C5-4D82-8BAA-897D7D2EA007}.Release|Any CPU.Build.0 = Release|Any CPU
		{19D569BA-E9C5-4D82-8BAA-897D7D2EA007}.Release|Mixed Platforms.ActiveCfg = Release|Any CPU
		{19D569BA-E9C5-4D82-8BAA-897D7D2EA007}.Release|Mixed Platforms.Build.0 = Release|Any CPU
		{19D569BA-E9C5-4D82-8BAA-897D7D2EA007}.Release|x86.ActiveCfg = Release|Any CPU
		{19D569BA-E9C5-4D82-8BAA-897D7D2EA007}.Release|x86.Build.0 = Release|Any CPU
		{B49B7A4F-763E-434C-8DDB-CF576C869758}.Debug|Any CPU.ActiveCfg = Debug|Any CPU
		{B49B7A4F-763E-434C-8DDB-CF576C869758}.Debug|Any CPU.Build.0 = Debug|Any CPU
		{B49B7A4F-763E-434C-8DDB-CF576C869758}.Debug|Mixed Platforms.ActiveCfg = Debug|Any CPU
		{B49B7A4F-763E-434C-8DDB-CF576C869758}.Debug|Mixed Platforms.Build.0 = Debug|Any CPU
		{B49B7A4F-763E-434C-8DDB-CF576C869758}.Debug|x86.ActiveCfg = Debug|Any CPU
		{B49B7A4F-763E-434C-8DDB-CF576C869758}.Debug|x86.Build.0 = Debug|Any CPU
		{B49B7A4F-763E-434C-8DDB-CF576C869758}.Release|Any CPU.ActiveCfg = Release|Any CPU
		{B49B7A4F-763E-434C-8DDB-CF576C869758}.Release|Any CPU.Build.0 = Release|Any CPU
		{B49B7A4F-763E-434C-8DDB-CF576C869758}.Release|Mixed Platforms.ActiveCfg = Release|Any CPU
		{B49B7A4F-763E-434C-8DDB-CF576C869758}.Release|Mixed Platforms.Build.0 = Release|Any CPU
		{B49B7A4F-763E-434C-8DDB-CF576C869758}.Release|x86.ActiveCfg = Release|Any CPU
		{B49B7A4F-763E-434C-8DDB-CF576C869758}.Release|x86.Build.0 = Release|Any CPU
		{6A7329F1-EAAA-42B0-97BC-C4F2BC6A5723}.Debug|Any CPU.ActiveCfg = Debug|Any CPU
		{6A7329F1-EAAA-42B0-97BC-C4F2BC6A5723}.Debug|Any CPU.Build.0 = Debug|Any CPU
		{6A7329F1-EAAA-42B0-97BC-C4F2BC6A5723}.Debug|Mixed Platforms.ActiveCfg = Debug|Any CPU
		{6A7329F1-EAAA-42B0-97BC-C4F2BC6A5723}.Debug|Mixed Platforms.Build.0 = Debug|Any CPU
		{6A7329F1-EAAA-42B0-97BC-C4F2BC6A5723}.Debug|x86.ActiveCfg = Debug|Any CPU
		{6A7329F1-EAAA-42B0-97BC-C4F2BC6A5723}.Debug|x86.Build.0 = Debug|Any CPU
		{6A7329F1-EAAA-42B0-97BC-C4F2BC6A5723}.Release|Any CPU.ActiveCfg = Release|Any CPU
		{6A7329F1-EAAA-42B0-97BC-C4F2BC6A5723}.Release|Any CPU.Build.0 = Release|Any CPU
		{6A7329F1-EAAA-42B0-97BC-C4F2BC6A5723}.Release|Mixed Platforms.ActiveCfg = Release|Any CPU
		{6A7329F1-EAAA-42B0-97BC-C4F2BC6A5723}.Release|Mixed Platforms.Build.0 = Release|Any CPU
		{6A7329F1-EAAA-42B0-97BC-C4F2BC6A5723}.Release|x86.ActiveCfg = Release|Any CPU
		{6A7329F1-EAAA-42B0-97BC-C4F2BC6A5723}.Release|x86.Build.0 = Release|Any CPU
		{B6B81632-31F6-4018-B365-C3DC8AD2A40F}.Debug|Any CPU.ActiveCfg = Debug|Any CPU
		{B6B81632-31F6-4018-B365-C3DC8AD2A40F}.Debug|Any CPU.Build.0 = Debug|Any CPU
		{B6B81632-31F6-4018-B365-C3DC8AD2A40F}.Debug|Mixed Platforms.ActiveCfg = Debug|Any CPU
		{B6B81632-31F6-4018-B365-C3DC8AD2A40F}.Debug|Mixed Platforms.Build.0 = Debug|Any CPU
		{B6B81632-31F6-4018-B365-C3DC8AD2A40F}.Debug|x86.ActiveCfg = Debug|Any CPU
		{B6B81632-31F6-4018-B365-C3DC8AD2A40F}.Debug|x86.Build.0 = Debug|Any CPU
		{B6B81632-31F6-4018-B365-C3DC8AD2A40F}.Release|Any CPU.ActiveCfg = Release|Any CPU
		{B6B81632-31F6-4018-B365-C3DC8AD2A40F}.Release|Any CPU.Build.0 = Release|Any CPU
		{B6B81632-31F6-4018-B365-C3DC8AD2A40F}.Release|Mixed Platforms.ActiveCfg = Release|Any CPU
		{B6B81632-31F6-4018-B365-C3DC8AD2A40F}.Release|Mixed Platforms.Build.0 = Release|Any CPU
		{B6B81632-31F6-4018-B365-C3DC8AD2A40F}.Release|x86.ActiveCfg = Release|Any CPU
		{B6B81632-31F6-4018-B365-C3DC8AD2A40F}.Release|x86.Build.0 = Release|Any CPU
		{52A2B390-F993-4F56-9AC3-4304692A8137}.Debug|Any CPU.ActiveCfg = Debug|Any CPU
		{52A2B390-F993-4F56-9AC3-4304692A8137}.Debug|Any CPU.Build.0 = Debug|Any CPU
		{52A2B390-F993-4F56-9AC3-4304692A8137}.Debug|Mixed Platforms.ActiveCfg = Debug|Any CPU
		{52A2B390-F993-4F56-9AC3-4304692A8137}.Debug|Mixed Platforms.Build.0 = Debug|Any CPU
		{52A2B390-F993-4F56-9AC3-4304692A8137}.Debug|x86.ActiveCfg = Debug|Any CPU
		{52A2B390-F993-4F56-9AC3-4304692A8137}.Debug|x86.Build.0 = Debug|Any CPU
		{52A2B390-F993-4F56-9AC3-4304692A8137}.Release|Any CPU.ActiveCfg = Release|Any CPU
		{52A2B390-F993-4F56-9AC3-4304692A8137}.Release|Any CPU.Build.0 = Release|Any CPU
		{52A2B390-F993-4F56-9AC3-4304692A8137}.Release|Mixed Platforms.ActiveCfg = Release|Any CPU
		{52A2B390-F993-4F56-9AC3-4304692A8137}.Release|Mixed Platforms.Build.0 = Release|Any CPU
		{52A2B390-F993-4F56-9AC3-4304692A8137}.Release|x86.ActiveCfg = Release|Any CPU
		{52A2B390-F993-4F56-9AC3-4304692A8137}.Release|x86.Build.0 = Release|Any CPU
	EndGlobalSection
	GlobalSection(SolutionProperties) = preSolution
		HideSolutionNode = FALSE
	EndGlobalSection
	GlobalSection(NestedProjects) = preSolution
		{3B6A42FF-E0CB-4795-9C8E-054BFF696FD3} = {B036F0D7-124C-4FC8-B596-21456DFEFB0D}
		{6F6A15E8-5E83-47EC-9A65-CC24E07859C3} = {B036F0D7-124C-4FC8-B596-21456DFEFB0D}
		{6A7329F1-EAAA-42B0-97BC-C4F2BC6A5723} = {E12FEFB3-A8AD-45A1-B82D-3078D2CE9979}
		{B6B81632-31F6-4018-B365-C3DC8AD2A40F} = {E12FEFB3-A8AD-45A1-B82D-3078D2CE9979}
		{52A2B390-F993-4F56-9AC3-4304692A8137} = {E12FEFB3-A8AD-45A1-B82D-3078D2CE9979}
	EndGlobalSection
	GlobalSection(ExtensibilityGlobals) = postSolution
		SolutionGuid = {81DD1551-E13F-4E21-9374-331C4C77871B}
	EndGlobalSection
EndGlobal
